
Microsoft Visual Studio Solution File, Format Version 12.00
# Visual Studio 15
Project("{FAE04EC0-301F-11D3-BF4B-00C04F79EFBC}") = "Assembly-CSharp", "Assembly-CSharp.csproj", "{E5B7AF3D-C46D-92B2-3C29-44EE36A94323}"
EndProject
Project("{FAE04EC0-301F-11D3-BF4B-00C04F79EFBC}") = "Assembly-CSharp-firstpass", "Assembly-CSharp-firstpass.csproj", "{0622A686-FBD6-E7E0-DB35-BBE4DAFCE578}"
EndProject
Project("{FAE04EC0-301F-11D3-BF4B-00C04F79EFBC}") = "Assembly-CSharp-Editor-firstpass", "Assembly-CSharp-Editor-firstpass.csproj", "{7B6F5D18-CEC0-577A-48BC-36985079A6CF}"
EndProject
Global
	GlobalSection(SolutionConfigurationPlatforms) = preSolution
		Debug|Any CPU = Debug|Any CPU
		Release|Any CPU = Release|Any CPU
	EndGlobalSection
	GlobalSection(ProjectConfigurationPlatforms) = postSolution
		{E5B7AF3D-C46D-92B2-3C29-44EE36A94323}.Debug|Any CPU.ActiveCfg = Debug|Any CPU
		{E5B7AF3D-C46D-92B2-3C29-44EE36A94323}.Debug|Any CPU.Build.0 = Debug|Any CPU
		{E5B7AF3D-C46D-92B2-3C29-44EE36A94323}.Release|Any CPU.ActiveCfg = Release|Any CPU
		{E5B7AF3D-C46D-92B2-3C29-44EE36A94323}.Release|Any CPU.Build.0 = Release|Any CPU
		{0622A686-FBD6-E7E0-DB35-BBE4DAFCE578}.Debug|Any CPU.ActiveCfg = Debug|Any CPU
		{0622A686-FBD6-E7E0-DB35-BBE4DAFCE578}.Debug|Any CPU.Build.0 = Debug|Any CPU
		{0622A686-FBD6-E7E0-DB35-BBE4DAFCE578}.Release|Any CPU.ActiveCfg = Release|Any CPU
		{0622A686-FBD6-E7E0-DB35-BBE4DAFCE578}.Release|Any CPU.Build.0 = Release|Any CPU
		{7B6F5D18-CEC0-577A-48BC-36985079A6CF}.Debug|Any CPU.ActiveCfg = Debug|Any CPU
		{7B6F5D18-CEC0-577A-48BC-36985079A6CF}.Debug|Any CPU.Build.0 = Debug|Any CPU
		{7B6F5D18-CEC0-577A-48BC-36985079A6CF}.Release|Any CPU.ActiveCfg = Release|Any CPU
		{7B6F5D18-CEC0-577A-48BC-36985079A6CF}.Release|Any CPU.Build.0 = Release|Any CPU
	EndGlobalSection
	GlobalSection(SolutionProperties) = preSolution
		HideSolutionNode = FALSE
	EndGlobalSection
EndGlobal
